DEPENDENCIES
  postgres-server
    git: https://github.com/spartaglobal/postgresql-server-cookbook.git
    revision: 49ec6533358474c72db73d34f67d9f6a4f38c4cb
  rails-server
    git: https://github.com/spartaglobal/rails-server-cookbook.git
    revision: fcdb935203f30df93135f609eb65d66579e1f604

GRAPH
  apt (6.1.0)
  ark (3.0.0)
    build-essential (>= 0.0.0)
    seven_zip (>= 0.0.0)
    windows (>= 0.0.0)
  build-essential (8.0.1)
    mingw (>= 1.1)
    seven_zip (>= 0.0.0)
  compat_resource (12.19.0)
  cron (4.1.1)
    compat_resource (>= 0.0.0)
  dmg (3.1.1)
  git (6.0.0)
    build-essential (>= 0.0.0)
    dmg (>= 0.0.0)
    yum-epel (>= 0.0.0)
  homebrew (4.1.0)
  hostsfile (2.4.5)
  mingw (2.0.1)
    seven_zip (>= 0.0.0)
  nodejs (3.0.0)
    apt (>= 2.9.1)
    ark (>= 0.0.0)
    build-essential (>= 0.0.0)
    homebrew (>= 0.0.0)
    yum-epel (>= 0.0.0)
  ohai (5.0.4)
  openssl (7.0.1)
  postgres-server (0.1.0)
    postgresql (~> 6.1.1)
  postgresql (6.1.1)
    build-essential (>= 2.0.0)
    compat_resource (>= 12.16.3)
    openssl (>= 4.0)
  rails-server (0.1.0)
    build-essential (~> 8.0.1)
    git (~> 6.0.0)
    nodejs (~> 3.0.0)
    rbenv (>= 0.0.0)
    system (~> 0.11.2)
  rbenv (1.7.1)
    apt (>= 0.0.0)
    build-essential (>= 0.0.0)
    git (>= 0.0.0)
    ohai (>= 1.1)
  seven_zip (2.0.2)
    windows (>= 1.2.2)
  system (0.11.2)
    apt (>= 0.0.0)
    cron (>= 0.0.0)
    hostsfile (>= 0.0.0)
  windows (3.0.5)
    ohai (>= 4.0.0)
  yum-epel (2.1.1)
    compat_resource (>= 12.16.3)
