{
    "version": 3,
    "terraform_version": "0.10.0",
    "serial": 58,
    "lineage": "5b0e252e-975e-416d-a71f-21d824fe4005",
    "modules": [
        {
            "path": [
                "root"
            ],
            "outputs": {},
            "resources": {
                "aws_autoscaling_group.web-asg": {
                    "type": "aws_autoscaling_group",
                    "depends_on": [
                        "aws_elb.web",
                        "aws_launch_configuration.web-lc",
                        "aws_subnet.web"
                    ],
                    "primary": {
                        "id": "web-asg",
                        "attributes": {
                            "arn": "arn:aws:autoscaling:eu-west-2:135928476890:autoScalingGroup:1250d66d-d909-4203-8694-ec898fe54720:autoScalingGroupName/web-asg",
                            "availability_zones.#": "1",
                            "availability_zones.3230292939": "eu-west-2a",
                            "default_cooldown": "300",
                            "desired_capacity": "1",
                            "force_delete": "true",
                            "health_check_grace_period": "300",
                            "health_check_type": "EC2",
                            "id": "web-asg",
                            "launch_configuration": "web-lc",
                            "load_balancers.#": "1",
                            "load_balancers.763657905": "Web",
                            "max_size": "10",
                            "metrics_granularity": "1Minute",
                            "min_size": "1",
                            "name": "web-asg",
                            "placement_group": "",
                            "protect_from_scale_in": "false",
                            "suspended_processes.#": "0",
                            "tag.#": "1",
                            "tag.2421615522.key": "Name",
                            "tag.2421615522.propagate_at_launch": "true",
                            "tag.2421615522.value": "web-asg",
                            "target_group_arns.#": "0",
                            "termination_policies.#": "0",
                            "vpc_zone_identifier.#": "1",
                            "vpc_zone_identifier.1298474882": "subnet-d90890a2",
                            "wait_for_capacity_timeout": "10m"
                        },
                        "meta": {
                            "e2bfb730-ecaa-11e6-8f88-34363bc7c4c0": {
                                "delete": 600000000000
                            }
                        },
                        "tainted": false
                    },
                    "deposed": [],
                    "provider": ""
                },
                "aws_elb.web": {
                    "type": "aws_elb",
                    "depends_on": [
                        "aws_instance.web",
                        "aws_security_group.elb",
                        "aws_subnet.elb"
                    ],
                    "primary": {
                        "id": "Web",
                        "attributes": {
                            "access_logs.#": "0",
                            "availability_zones.#": "1",
                            "availability_zones.3230292939": "eu-west-2a",
                            "connection_draining": "false",
                            "connection_draining_timeout": "300",
                            "cross_zone_load_balancing": "true",
                            "dns_name": "Web-1674151284.eu-west-2.elb.amazonaws.com",
                            "health_check.#": "1",
                            "health_check.0.healthy_threshold": "2",
                            "health_check.0.interval": "60",
                            "health_check.0.target": "HTTP:3000/login",
                            "health_check.0.timeout": "3",
                            "health_check.0.unhealthy_threshold": "2",
                            "id": "Web",
                            "idle_timeout": "60",
                            "instances.#": "5",
                            "instances.1032493922": "i-0183d534ca37683c5",
                            "instances.116413405": "i-0bfeef762612e5b62",
                            "instances.2090533197": "i-0e07539107855f73f",
                            "instances.2836150074": "i-030a26d663ebc30b2",
                            "instances.718412074": "i-0f7e906dde101b5e6",
                            "internal": "false",
                            "listener.#": "1",
                            "listener.2797230273.instance_port": "3000",
                            "listener.2797230273.instance_protocol": "http",
                            "listener.2797230273.lb_port": "80",
                            "listener.2797230273.lb_protocol": "http",
                            "listener.2797230273.ssl_certificate_id": "",
                            "name": "Web",
                            "security_groups.#": "1",
                            "security_groups.1552688595": "sg-a91328c0",
                            "source_security_group": "135928476890/Web ELB",
                            "source_security_group_id": "sg-a91328c0",
                            "subnets.#": "1",
                            "subnets.164559925": "subnet-79099102",
                            "tags.%": "0",
                            "zone_id": "ZHURV8PSTC4K8"
                        },
                        "meta": {},
                        "tainted": false
                    },
                    "deposed": [],
                    "provider": ""
                },
                "aws_internet_gateway.default": {
                    "type": "aws_internet_gateway",
                    "depends_on": [
                        "aws_vpc.academy"
                    ],
                    "primary": {
                        "id": "igw-667ac10f",
                        "attributes": {
                            "id": "igw-667ac10f",
                            "tags.%": "0",
                            "vpc_id": "vpc-a85b32c1"
                        },
                        "meta": {},
                        "tainted": false
                    },
                    "deposed": [],
                    "provider": ""
                },
                "aws_launch_configuration.web-lc": {
                    "type": "aws_launch_configuration",
                    "depends_on": [
                        "aws_security_group.web",
                        "data.aws_ami.web",
                        "data.template_file.init_script"
                    ],
                    "primary": {
                        "id": "web-lc",
                        "attributes": {
                            "associate_public_ip_address": "false",
                            "ebs_block_device.#": "0",
                            "ebs_optimized": "false",
                            "enable_monitoring": "true",
                            "ephemeral_block_device.#": "0",
                            "iam_instance_profile": "",
                            "id": "web-lc",
                            "image_id": "ami-5fe9f93b",
                            "instance_type": "t2.micro",
                            "key_name": "",
                            "name": "web-lc",
                            "root_block_device.#": "0",
                            "security_groups.#": "1",
                            "security_groups.2063691891": "sg-0d122964",
                            "spot_price": "",
                            "user_data": "4d13710718ac27645970966eb751e5b05d40c96f",
                            "vpc_classic_link_id": "",
                            "vpc_classic_link_security_groups.#": "0"
                        },
                        "meta": {},
                        "tainted": false
                    },
                    "deposed": [],
                    "provider": ""
                },
                "aws_route.internet_access": {
                    "type": "aws_route",
                    "depends_on": [
                        "aws_internet_gateway.default",
                        "aws_vpc.academy"
                    ],
                    "primary": {
                        "id": "r-rtb-7ed2aa171080289494",
                        "attributes": {
                            "destination_cidr_block": "0.0.0.0/0",
                            "destination_prefix_list_id": "",
                            "egress_only_gateway_id": "",
                            "gateway_id": "igw-667ac10f",
                            "id": "r-rtb-7ed2aa171080289494",
                            "instance_id": "",
                            "instance_owner_id": "",
                            "nat_gateway_id": "",
                            "network_interface_id": "",
                            "origin": "CreateRoute",
                            "route_table_id": "rtb-7ed2aa17",
                            "state": "active",
                            "vpc_peering_connection_id": ""
                        },
                        "meta": {},
                        "tainted": false
                    },
                    "deposed": [],
                    "provider": ""
                },
                "aws_security_group.db": {
                    "type": "aws_security_group",
                    "depends_on": [
                        "aws_security_group.web",
                        "aws_vpc.academy"
                    ],
                    "primary": {
                        "id": "sg-cd102ba4",
                        "attributes": {
                            "description": "DB Tier",
                            "egress.#": "1",
                            "egress.482069346.cidr_blocks.#": "1",
                            "egress.482069346.cidr_blocks.0": "0.0.0.0/0",
                            "egress.482069346.from_port": "0",
                            "egress.482069346.ipv6_cidr_blocks.#": "0",
                            "egress.482069346.prefix_list_ids.#": "0",
                            "egress.482069346.protocol": "-1",
                            "egress.482069346.security_groups.#": "0",
                            "egress.482069346.self": "false",
                            "egress.482069346.to_port": "0",
                            "id": "sg-cd102ba4",
                            "ingress.#": "1",
                            "ingress.3511028374.cidr_blocks.#": "0",
                            "ingress.3511028374.from_port": "5432",
                            "ingress.3511028374.ipv6_cidr_blocks.#": "0",
                            "ingress.3511028374.protocol": "tcp",
                            "ingress.3511028374.security_groups.#": "1",
                            "ingress.3511028374.security_groups.2063691891": "sg-0d122964",
                            "ingress.3511028374.self": "false",
                            "ingress.3511028374.to_port": "5432",
                            "name": "DB",
                            "owner_id": "135928476890",
                            "tags.%": "0",
                            "vpc_id": "vpc-a85b32c1"
                        },
                        "meta": {},
                        "tainted": false
                    },
                    "deposed": [],
                    "provider": ""
                },
                "aws_security_group.elb": {
                    "type": "aws_security_group",
                    "depends_on": [
                        "aws_vpc.academy"
                    ],
                    "primary": {
                        "id": "sg-a91328c0",
                        "attributes": {
                            "description": "Web Tier Load Balancer",
                            "egress.#": "1",
                            "egress.482069346.cidr_blocks.#": "1",
                            "egress.482069346.cidr_blocks.0": "0.0.0.0/0",
                            "egress.482069346.from_port": "0",
                            "egress.482069346.ipv6_cidr_blocks.#": "0",
                            "egress.482069346.prefix_list_ids.#": "0",
                            "egress.482069346.protocol": "-1",
                            "egress.482069346.security_groups.#": "0",
                            "egress.482069346.self": "false",
                            "egress.482069346.to_port": "0",
                            "id": "sg-a91328c0",
                            "ingress.#": "1",
                            "ingress.2214680975.cidr_blocks.#": "1",
                            "ingress.2214680975.cidr_blocks.0": "0.0.0.0/0",
                            "ingress.2214680975.from_port": "80",
                            "ingress.2214680975.ipv6_cidr_blocks.#": "0",
                            "ingress.2214680975.protocol": "tcp",
                            "ingress.2214680975.security_groups.#": "0",
                            "ingress.2214680975.self": "false",
                            "ingress.2214680975.to_port": "80",
                            "name": "Web ELB",
                            "owner_id": "135928476890",
                            "tags.%": "0",
                            "vpc_id": "vpc-a85b32c1"
                        },
                        "meta": {},
                        "tainted": false
                    },
                    "deposed": [],
                    "provider": ""
                },
                "aws_security_group.web": {
                    "type": "aws_security_group",
                    "depends_on": [
                        "aws_security_group.elb",
                        "aws_vpc.academy"
                    ],
                    "primary": {
                        "id": "sg-0d122964",
                        "attributes": {
                            "description": "Web Tier",
                            "egress.#": "1",
                            "egress.482069346.cidr_blocks.#": "1",
                            "egress.482069346.cidr_blocks.0": "0.0.0.0/0",
                            "egress.482069346.from_port": "0",
                            "egress.482069346.ipv6_cidr_blocks.#": "0",
                            "egress.482069346.prefix_list_ids.#": "0",
                            "egress.482069346.protocol": "-1",
                            "egress.482069346.security_groups.#": "0",
                            "egress.482069346.self": "false",
                            "egress.482069346.to_port": "0",
                            "id": "sg-0d122964",
                            "ingress.#": "1",
                            "ingress.2379396677.cidr_blocks.#": "0",
                            "ingress.2379396677.from_port": "3000",
                            "ingress.2379396677.ipv6_cidr_blocks.#": "0",
                            "ingress.2379396677.protocol": "tcp",
                            "ingress.2379396677.security_groups.#": "1",
                            "ingress.2379396677.security_groups.1552688595": "sg-a91328c0",
                            "ingress.2379396677.self": "false",
                            "ingress.2379396677.to_port": "3000",
                            "name": "Web",
                            "owner_id": "135928476890",
                            "tags.%": "0",
                            "vpc_id": "vpc-a85b32c1"
                        },
                        "meta": {},
                        "tainted": false
                    },
                    "deposed": [],
                    "provider": ""
                },
                "aws_subnet.db": {
                    "type": "aws_subnet",
                    "depends_on": [
                        "aws_vpc.academy"
                    ],
                    "primary": {
                        "id": "subnet-6472c529",
                        "attributes": {
                            "assign_ipv6_address_on_creation": "false",
                            "availability_zone": "eu-west-2b",
                            "cidr_block": "11.0.2.0/24",
                            "id": "subnet-6472c529",
                            "map_public_ip_on_launch": "false",
                            "tags.%": "1",
                            "tags.Name": "DB - Private",
                            "vpc_id": "vpc-a85b32c1"
                        },
                        "meta": {
                            "schema_version": "1"
                        },
                        "tainted": false
                    },
                    "deposed": [],
                    "provider": ""
                },
                "aws_subnet.elb": {
                    "type": "aws_subnet",
                    "depends_on": [
                        "aws_vpc.academy"
                    ],
                    "primary": {
                        "id": "subnet-79099102",
                        "attributes": {
                            "assign_ipv6_address_on_creation": "false",
                            "availability_zone": "eu-west-2a",
                            "cidr_block": "11.0.3.0/24",
                            "id": "subnet-79099102",
                            "map_public_ip_on_launch": "true",
                            "tags.%": "1",
                            "tags.Name": "ELB - Public",
                            "vpc_id": "vpc-a85b32c1"
                        },
                        "meta": {
                            "schema_version": "1"
                        },
                        "tainted": false
                    },
                    "deposed": [],
                    "provider": ""
                },
                "aws_subnet.web": {
                    "type": "aws_subnet",
                    "depends_on": [
                        "aws_vpc.academy"
                    ],
                    "primary": {
                        "id": "subnet-d90890a2",
                        "attributes": {
                            "assign_ipv6_address_on_creation": "false",
                            "availability_zone": "eu-west-2a",
                            "cidr_block": "11.0.1.0/24",
                            "id": "subnet-d90890a2",
                            "map_public_ip_on_launch": "false",
                            "tags.%": "1",
                            "tags.Name": "Web - Private",
                            "vpc_id": "vpc-a85b32c1"
                        },
                        "meta": {
                            "schema_version": "1"
                        },
                        "tainted": false
                    },
                    "deposed": [],
                    "provider": ""
                },
                "aws_vpc.academy": {
                    "type": "aws_vpc",
                    "depends_on": [],
                    "primary": {
                        "id": "vpc-a85b32c1",
                        "attributes": {
                            "assign_generated_ipv6_cidr_block": "false",
                            "cidr_block": "11.0.0.0/16",
                            "default_network_acl_id": "acl-cd1d60a4",
                            "default_route_table_id": "rtb-7ed2aa17",
                            "default_security_group_id": "sg-77112a1e",
                            "dhcp_options_id": "dopt-c022f2a9",
                            "enable_dns_hostnames": "false",
                            "enable_dns_support": "true",
                            "id": "vpc-a85b32c1",
                            "instance_tenancy": "default",
                            "main_route_table_id": "rtb-7ed2aa17",
                            "tags.%": "1",
                            "tags.Name": "Academy Tools"
                        },
                        "meta": {
                            "schema_version": "1"
                        },
                        "tainted": false
                    },
                    "deposed": [],
                    "provider": ""
                },
                "data.aws_ami.web": {
                    "type": "aws_ami",
                    "depends_on": [],
                    "primary": {
                        "id": "ami-5fe9f93b",
                        "attributes": {
                            "architecture": "x86_64",
                            "block_device_mappings.#": "3",
                            "block_device_mappings.1634610537.device_name": "/dev/sdb",
                            "block_device_mappings.1634610537.ebs.%": "0",
                            "block_device_mappings.1634610537.no_device": "",
                            "block_device_mappings.1634610537.virtual_name": "ephemeral0",
                            "block_device_mappings.2547816212.device_name": "/dev/sda1",
                            "block_device_mappings.2547816212.ebs.%": "6",
                            "block_device_mappings.2547816212.ebs.delete_on_termination": "true",
                            "block_device_mappings.2547816212.ebs.encrypted": "false",
                            "block_device_mappings.2547816212.ebs.iops": "0",
                            "block_device_mappings.2547816212.ebs.snapshot_id": "snap-097c396d9f7e73376",
                            "block_device_mappings.2547816212.ebs.volume_size": "8",
                            "block_device_mappings.2547816212.ebs.volume_type": "gp2",
                            "block_device_mappings.2547816212.no_device": "",
                            "block_device_mappings.2547816212.virtual_name": "",
                            "block_device_mappings.3850042718.device_name": "/dev/sdc",
                            "block_device_mappings.3850042718.ebs.%": "0",
                            "block_device_mappings.3850042718.no_device": "",
                            "block_device_mappings.3850042718.virtual_name": "ephemeral1",
                            "creation_date": "2017-09-01T10:43:31.000Z",
                            "filter.#": "2",
                            "filter.1353251163.name": "state",
                            "filter.1353251163.values.#": "1",
                            "filter.1353251163.values.0": "available",
                            "filter.1937306578.name": "name",
                            "filter.1937306578.values.#": "1",
                            "filter.1937306578.values.0": "web-prod*",
                            "hypervisor": "xen",
                            "id": "ami-5fe9f93b",
                            "image_id": "ami-5fe9f93b",
                            "image_location": "135928476890/web-prod-1504262308",
                            "image_type": "machine",
                            "most_recent": "true",
                            "name": "web-prod-1504262308",
                            "owner_id": "135928476890",
                            "product_codes.#": "0",
                            "public": "false",
                            "root_device_name": "/dev/sda1",
                            "root_device_type": "ebs",
                            "sriov_net_support": "simple",
                            "state": "available",
                            "state_reason.%": "2",
                            "state_reason.code": "UNSET",
                            "state_reason.message": "UNSET",
                            "tags.#": "0",
                            "virtualization_type": "hvm"
                        },
                        "meta": {},
                        "tainted": false
                    },
                    "deposed": [],
                    "provider": ""
                },
                "data.template_file.init_script": {
                    "type": "template_file",
                    "depends_on": [],
                    "primary": {
                        "id": "c1875d0ad2a037e140d79b45922cf271c57a63e40ccd05919b90f1cbe0d56922",
                        "attributes": {
                            "id": "c1875d0ad2a037e140d79b45922cf271c57a63e40ccd05919b90f1cbe0d56922",
                            "rendered": "#!/bin/bash\n\necho \"Starting Ruby on Rails app on port 3000\"\ncd /home/ubuntu/app\nexport RAILS_ENV=production\nexport DATABASE_URL='postgres://logProj:1iajdf0a9k3adk0a93d33ad@inventory.cb5noheu2j02.eu-west-1.rds.amazonaws.com:5432/logProj'\nrake assets:precompile\nrails s -d --port=3000 --binding=0.0.0.0",
                            "template": "#!/bin/bash\n\necho \"Starting Ruby on Rails app on port ${port}\"\ncd /home/ubuntu/app\nexport RAILS_ENV=${environment}\nexport DATABASE_URL='${database_url}'\nrake assets:precompile\nrails s -d --port=${port} --binding=0.0.0.0",
                            "vars.%": "3",
                            "vars.database_url": "postgres://logProj:1iajdf0a9k3adk0a93d33ad@inventory.cb5noheu2j02.eu-west-1.rds.amazonaws.com:5432/logProj",
                            "vars.environment": "production",
                            "vars.port": "3000"
                        },
                        "meta": {},
                        "tainted": false
                    },
                    "deposed": [],
                    "provider": ""
                }
            },
            "depends_on": []
        }
    ]
}
