{
    "version": 3,
    "terraform_version": "0.10.5",
    "serial": 6,
    "lineage": "880d20ce-46e8-4ae7-9cb1-34f56563ee07",
    "modules": [
        {
            "path": [
                "root"
            ],
            "outputs": {},
            "resources": {
                "aws_db_instance.inventory-db": {
                    "type": "aws_db_instance",
                    "depends_on": [],
                    "primary": {
                        "id": "terraform-00022cbce7eca5643e4e9842e1",
                        "attributes": {
                            "address": "terraform-00022cbce7eca5643e4e9842e1.cqito2bn96lf.eu-west-2.rds.amazonaws.com",
                            "allocated_storage": "8",
                            "arn": "arn:aws:rds:eu-west-2:135928476890:db:terraform-00022cbce7eca5643e4e9842e1",
                            "auto_minor_version_upgrade": "true",
                            "availability_zone": "eu-west-2a",
                            "backup_retention_period": "0",
                            "backup_window": "10:02-10:32",
                            "ca_cert_identifier": "rds-ca-2015",
                            "copy_tags_to_snapshot": "false",
                            "db_subnet_group_name": "default",
                            "endpoint": "terraform-00022cbce7eca5643e4e9842e1.cqito2bn96lf.eu-west-2.rds.amazonaws.com:5432",
                            "engine": "postgres",
                            "engine_version": "9.6.2",
                            "hosted_zone_id": "Z1TTGA775OQIYO",
                            "iam_database_authentication_enabled": "false",
                            "id": "terraform-00022cbce7eca5643e4e9842e1",
                            "identifier": "terraform-00022cbce7eca5643e4e9842e1",
                            "instance_class": "db.t2.micro",
                            "iops": "0",
                            "kms_key_id": "",
                            "license_model": "postgresql-license",
                            "maintenance_window": "sat:12:03-sat:12:33",
                            "monitoring_interval": "0",
                            "multi_az": "false",
                            "name": "spartaInventoryDb",
                            "option_group_name": "default:postgres-9-6",
                            "parameter_group_name": "default.postgres9.6",
                            "password": "sparta123",
                            "port": "5432",
                            "publicly_accessible": "false",
                            "replicas.#": "0",
                            "replicate_source_db": "",
                            "resource_id": "db-Z7L37WHS4NJOSKSUNI7JHQX2AM",
                            "security_group_names.#": "0",
                            "skip_final_snapshot": "false",
                            "status": "available",
                            "storage_encrypted": "false",
                            "storage_type": "standard",
                            "tags.%": "1",
                            "tags.Name": "db-inventory",
                            "timezone": "",
                            "username": "inventory",
                            "vpc_security_group_ids.#": "1",
                            "vpc_security_group_ids.373331785": "sg-6d7fd404"
                        },
                        "meta": {
                            "e2bfb730-ecaa-11e6-8f88-34363bc7c4c0": {
                                "create": 2400000000000,
                                "delete": 2400000000000,
                                "update": 4800000000000
                            }
                        },
                        "tainted": false
                    },
                    "deposed": [],
                    "provider": ""
                },
                "aws_instance.inventory-web": {
                    "type": "aws_instance",
                    "depends_on": [],
                    "primary": {
                        "id": "i-0a9687395302e9674",
                        "attributes": {
                            "ami": "ami-996372fd",
                            "associate_public_ip_address": "true",
                            "availability_zone": "eu-west-2a",
                            "disable_api_termination": "false",
                            "ebs_block_device.#": "0",
                            "ebs_optimized": "false",
                            "ephemeral_block_device.#": "0",
                            "iam_instance_profile": "",
                            "id": "i-0a9687395302e9674",
                            "instance_state": "running",
                            "instance_type": "t2.micro",
                            "ipv6_addresses.#": "0",
                            "key_name": "",
                            "monitoring": "false",
                            "network_interface.#": "0",
                            "network_interface_id": "eni-8c0625de",
                            "primary_network_interface_id": "eni-8c0625de",
                            "private_dns": "ip-172-31-4-179.eu-west-2.compute.internal",
                            "private_ip": "172.31.4.179",
                            "public_dns": "ec2-35-176-231-77.eu-west-2.compute.amazonaws.com",
                            "public_ip": "35.176.231.77",
                            "root_block_device.#": "1",
                            "root_block_device.0.delete_on_termination": "true",
                            "root_block_device.0.iops": "100",
                            "root_block_device.0.volume_size": "8",
                            "root_block_device.0.volume_type": "gp2",
                            "security_groups.#": "0",
                            "source_dest_check": "true",
                            "subnet_id": "subnet-3fd92344",
                            "tags.%": "1",
                            "tags.Name": "web-inventory",
                            "tenancy": "default",
                            "volume_tags.%": "0",
                            "vpc_security_group_ids.#": "1",
                            "vpc_security_group_ids.373331785": "sg-6d7fd404"
                        },
                        "meta": {
                            "e2bfb730-ecaa-11e6-8f88-34363bc7c4c0": {
                                "create": 600000000000,
                                "delete": 600000000000,
                                "update": 600000000000
                            },
                            "schema_version": "1"
                        },
                        "tainted": false
                    },
                    "deposed": [],
                    "provider": ""
                },
                "aws_vpc.inventory-vpc": {
                    "type": "aws_vpc",
                    "depends_on": [],
                    "primary": {
                        "id": "vpc-5acab533",
                        "attributes": {
                            "assign_generated_ipv6_cidr_block": "false",
                            "cidr_block": "11.3.0.0/16",
                            "default_network_acl_id": "acl-b88ec3d1",
                            "default_route_table_id": "rtb-6c460c05",
                            "default_security_group_id": "sg-82736eeb",
                            "dhcp_options_id": "dopt-c022f2a9",
                            "enable_dns_hostnames": "false",
                            "enable_dns_support": "true",
                            "id": "vpc-5acab533",
                            "instance_tenancy": "default",
                            "main_route_table_id": "rtb-6c460c05",
                            "tags.%": "1",
                            "tags.Name": "Inventory - VPC"
                        },
                        "meta": {
                            "schema_version": "1"
                        },
                        "tainted": false
                    },
                    "deposed": [],
                    "provider": ""
                }
            },
            "depends_on": []
        }
    ]
}
